
Microsoft Visual Studio Solution File, Format Version 12.00
# Visual Studio Version 16
VisualStudioVersion = 16.0.31729.503
MinimumVisualStudioVersion = 10.0.40219.1
Project("{FAE04EC0-301F-11D3-BF4B-00C04F79EFBC}") = "almacen_caffenio", "almacen_caffenio\almacen_caffenio.csproj", "{84274334-76BF-4D3C-83F1-7E08B05356B2}"
EndProject
Global
	GlobalSection(SolutionConfigurationPlatforms) = preSolution
		Debug|Any CPU = Debug|Any CPU
		Release|Any CPU = Release|Any CPU
	EndGlobalSection
	GlobalSection(ProjectConfigurationPlatforms) = postSolution
		{84274334-76BF-4D3C-83F1-7E08B05356B2}.Debug|Any CPU.ActiveCfg = Debug|Any CPU
		{84274334-76BF-4D3C-83F1-7E08B05356B2}.Debug|Any CPU.Build.0 = Debug|Any CPU
		{84274334-76BF-4D3C-83F1-7E08B05356B2}.Release|Any CPU.ActiveCfg = Release|Any CPU
		{84274334-76BF-4D3C-83F1-7E08B05356B2}.Release|Any CPU.Build.0 = Release|Any CPU
	EndGlobalSection
	GlobalSection(SolutionProperties) = preSolution
		HideSolutionNode = FALSE
	EndGlobalSection
	GlobalSection(ExtensibilityGlobals) = postSolution
		SolutionGuid = {F819D63A-28A9-415A-9490-D9B931E8C556}
	EndGlobalSection
EndGlobal
